preprocess:
  cmd: python ../../scripts/add_column.py
  deps:
  - path: ../../scripts/add_column.py
    md5: e79ee0819f4638d9d0f812a731ff9784
  - path: haunted_places.csv
    md5: 748b5932104b4ed805da2b8b8fef4cc4
  params:
    params.yaml:
      preprocess.input_file: haunted_places.csv
      preprocess.output_file: haunted_places_processed.csv
  outs:
  - path: haunted_places_processed.csv
    md5: 247a5794cb681d0444013c7db14b29cd
