preprocess:
  cmd: python ../../scripts/add_column.py
  deps:
  - path: ../../scripts/add_column.py
    md5: 634dacc757478a260018e31dfb371611
  - path: haunted_places.csv
    md5: 748b5932104b4ed805da2b8b8fef4cc4
  params:
    params.yaml:
      preprocess.input_file: haunted_places.csv
      preprocess.output_file: haunted_places_processed.csv
  outs:
  - path: haunted_places_processed.csv
    md5: f8b3a841958d40615973b533ac8ac1f4
