preprocess:
  cmd: python ../../scripts/add_column.py
  deps:
  - path: ../../scripts/add_column.py
    md5: e79ee0819f4638d9d0f812a731ff9784
  - path: bigfoot_sightings.csv
    md5: 6057942cebe07158a31bb3ecd817c0de
  params:
    params.yaml:
      preprocess.input_file: bigfoot_sightings.csv
      preprocess.output_file: bigfoot_sightings_processed.csv
  outs:
  - path: bigfoot_sightings_processed.csv
    md5: aee86a5bfe6cc77caf14b2de6ac0d4a4
