preprocess:
  cmd: python ../../scripts/add_column.py
  deps:
  - path: ../../scripts/add_column.py
    md5: 634dacc757478a260018e31dfb371611
  - path: bigfoot_sightings.csv
    md5: 6057942cebe07158a31bb3ecd817c0de
  params:
    params.yaml:
      preprocess.input_file: bigfoot_sightings.csv
      preprocess.output_file: bigfoot_sightings_processed.csv
  outs:
  - path: bigfoot_sightings_processed.csv
    md5: 881acc99c079aab3c3faf0ed5481487c
