summarize:
  cmd: python ../../scripts/summarize.py ../bigfoot_sightings/bigfoot_sightings_processed.csv
    ../haunted_places/haunted_places_processed.csv metrics.json
  deps:
  - path: ../../scripts/summarize.py
    md5: e1f2b6c328790bf5465a2ee02dcf858f
  - path: ../bigfoot_sightings/bigfoot_sightings_processed.csv
    md5: aee86a5bfe6cc77caf14b2de6ac0d4a4
  - path: ../haunted_places/haunted_places_processed.csv
    md5: 247a5794cb681d0444013c7db14b29cd
  outs:
  - path: metrics.json
    md5: 9d33fb21e1458b45ed7dce218bbce7d1
